<?xml version="1.0"?>
<Project ToolsVersion="4.0" xmlns="http://schemas.microsoft.com/developer/msbuild/2003">
	<ItemGroup>
		<ClCompile Include="src\ofApp.cpp">
			<Filter>src</Filter>
		</ClCompile>
		<ClCompile Include="src\main.cpp">
			<Filter>src</Filter>
		</ClCompile>
		<ClCompile Include="src\basicFunc.cpp">
			<Filter>src</Filter>
		</ClCompile>
		<ClCompile Include="src\main.cpp">
			<Filter>src</Filter>
		</ClCompile>
		<ClCompile Include="src\ofApp.cpp">
			<Filter>src</Filter>
		</ClCompile>
		<ClCompile Include="src\RadialFundMatrix.cpp">
			<Filter>src</Filter>
		</ClCompile>
		<ClCompile Include="src\StructuredLight.cpp">
			<Filter>src</Filter>
		</ClCompile>
		<ClCompile Include="..\..\..\addons\ofxBasicFunc\src\ofxBasicFunc.cpp">
			<Filter>addons\ofxBasicFunc\src</Filter>
		</ClCompile>
		<ClCompile Include="..\..\..\addons\ofxCVfunc\src\ofxCVfunc.cpp">
			<Filter>addons\ofxCVfunc\src</Filter>
		</ClCompile>
		<ClCompile Include="..\..\..\addons\ofxGui\src\ofxBaseGui.cpp">
			<Filter>addons\ofxGui\src</Filter>
		</ClCompile>
		<ClCompile Include="..\..\..\addons\ofxGui\src\ofxButton.cpp">
			<Filter>addons\ofxGui\src</Filter>
		</ClCompile>
		<ClCompile Include="..\..\..\addons\ofxGui\src\ofxColorPicker.cpp">
			<Filter>addons\ofxGui\src</Filter>
		</ClCompile>
		<ClCompile Include="..\..\..\addons\ofxGui\src\ofxGuiGroup.cpp">
			<Filter>addons\ofxGui\src</Filter>
		</ClCompile>
		<ClCompile Include="..\..\..\addons\ofxGui\src\ofxInputField.cpp">
			<Filter>addons\ofxGui\src</Filter>
		</ClCompile>
		<ClCompile Include="..\..\..\addons\ofxGui\src\ofxLabel.cpp">
			<Filter>addons\ofxGui\src</Filter>
		</ClCompile>
		<ClCompile Include="..\..\..\addons\ofxGui\src\ofxPanel.cpp">
			<Filter>addons\ofxGui\src</Filter>
		</ClCompile>
		<ClCompile Include="..\..\..\addons\ofxGui\src\ofxSlider.cpp">
			<Filter>addons\ofxGui\src</Filter>
		</ClCompile>
		<ClCompile Include="..\..\..\addons\ofxGui\src\ofxSliderGroup.cpp">
			<Filter>addons\ofxGui\src</Filter>
		</ClCompile>
		<ClCompile Include="..\..\..\addons\ofxGui\src\ofxToggle.cpp">
			<Filter>addons\ofxGui\src</Filter>
		</ClCompile>
		<ClCompile Include="..\..\..\addons\ofxTimeMeasurements-master\src\ofxTimeMeasurements.cpp">
			<Filter>addons\ofxTimeMeasurements-master\src</Filter>
		</ClCompile>
	</ItemGroup>
	<ItemGroup>
		<Filter Include="src">
			<UniqueIdentifier>{d8376475-7454-4a24-b08a-aac121d3ad6f}</UniqueIdentifier>
		</Filter>
		<Filter Include="addons">
			<UniqueIdentifier>{71834F65-F3A9-211E-73B8-DC85}</UniqueIdentifier>
		</Filter>
		<Filter Include="addons\ofxBasicFunc">
			<UniqueIdentifier>{D08BC694-55CB-F72F-E29E-FE28}</UniqueIdentifier>
		</Filter>
		<Filter Include="addons\ofxBasicFunc\src">
			<UniqueIdentifier>{6F4F84DB-B660-7CDA-680C-17C5}</UniqueIdentifier>
		</Filter>
		<Filter Include="addons\ofxCVfunc">
			<UniqueIdentifier>{1ABD3E28-DF0D-18BE-81F1-783E}</UniqueIdentifier>
		</Filter>
		<Filter Include="addons\ofxCVfunc\src">
			<UniqueIdentifier>{9CD07D04-94A1-D01C-4168-9A13}</UniqueIdentifier>
		</Filter>
		<Filter Include="addons\ofxGui">
			<UniqueIdentifier>{4F2A59AF-5F4E-704B-D067-EC13}</UniqueIdentifier>
		</Filter>
		<Filter Include="addons\ofxGui\src">
			<UniqueIdentifier>{645E9533-4DCD-6179-1CDF-CB65}</UniqueIdentifier>
		</Filter>
		<Filter Include="addons\ofxTimeMeasurements-master">
			<UniqueIdentifier>{E4EDAA88-8627-130D-CB32-9E43}</UniqueIdentifier>
		</Filter>
		<Filter Include="addons\ofxTimeMeasurements-master\src">
			<UniqueIdentifier>{1764F387-9C94-7032-E0F2-6DEF}</UniqueIdentifier>
		</Filter>
	</ItemGroup>
	<ItemGroup>
		<ClInclude Include="src\ofApp.h">
			<Filter>src</Filter>
		</ClInclude>
		<ClInclude Include="src\basicFunc.h">
			<Filter>src</Filter>
		</ClInclude>
		<ClInclude Include="src\ofApp.h">
			<Filter>src</Filter>
		</ClInclude>
		<ClInclude Include="src\RadialFundMatrix.h">
			<Filter>src</Filter>
		</ClInclude>
		<ClInclude Include="src\StructuredLight.h">
			<Filter>src</Filter>
		</ClInclude>
		<ClInclude Include="..\..\..\addons\ofxBasicFunc\src\ofxBasicFunc.h">
			<Filter>addons\ofxBasicFunc\src</Filter>
		</ClInclude>
		<ClInclude Include="..\..\..\addons\ofxCVfunc\src\ofxCVfunc.h">
			<Filter>addons\ofxCVfunc\src</Filter>
		</ClInclude>
		<ClInclude Include="..\..\..\addons\ofxCVfunc\src\utils.h">
			<Filter>addons\ofxCVfunc\src</Filter>
		</ClInclude>
		<ClInclude Include="..\..\..\addons\ofxGui\src\ofxBaseGui.h">
			<Filter>addons\ofxGui\src</Filter>
		</ClInclude>
		<ClInclude Include="..\..\..\addons\ofxGui\src\ofxButton.h">
			<Filter>addons\ofxGui\src</Filter>
		</ClInclude>
		<ClInclude Include="..\..\..\addons\ofxGui\src\ofxColorPicker.h">
			<Filter>addons\ofxGui\src</Filter>
		</ClInclude>
		<ClInclude Include="..\..\..\addons\ofxGui\src\ofxGui.h">
			<Filter>addons\ofxGui\src</Filter>
		</ClInclude>
		<ClInclude Include="..\..\..\addons\ofxGui\src\ofxGuiGroup.h">
			<Filter>addons\ofxGui\src</Filter>
		</ClInclude>
		<ClInclude Include="..\..\..\addons\ofxGui\src\ofxInputField.h">
			<Filter>addons\ofxGui\src</Filter>
		</ClInclude>
		<ClInclude Include="..\..\..\addons\ofxGui\src\ofxLabel.h">
			<Filter>addons\ofxGui\src</Filter>
		</ClInclude>
		<ClInclude Include="..\..\..\addons\ofxGui\src\ofxPanel.h">
			<Filter>addons\ofxGui\src</Filter>
		</ClInclude>
		<ClInclude Include="..\..\..\addons\ofxGui\src\ofxSlider.h">
			<Filter>addons\ofxGui\src</Filter>
		</ClInclude>
		<ClInclude Include="..\..\..\addons\ofxGui\src\ofxSliderGroup.h">
			<Filter>addons\ofxGui\src</Filter>
		</ClInclude>
		<ClInclude Include="..\..\..\addons\ofxGui\src\ofxToggle.h">
			<Filter>addons\ofxGui\src</Filter>
		</ClInclude>
		<ClInclude Include="..\..\..\addons\ofxTimeMeasurements-master\src\GL_Measurement.h">
			<Filter>addons\ofxTimeMeasurements-master\src</Filter>
		</ClInclude>
		<ClInclude Include="..\..\..\addons\ofxTimeMeasurements-master\src\ofxTimeMeasurements.h">
			<Filter>addons\ofxTimeMeasurements-master\src</Filter>
		</ClInclude>
		<ClInclude Include="..\..\..\addons\ofxTimeMeasurements-master\src\ofxTimeMeasurementsMacros.h">
			<Filter>addons\ofxTimeMeasurements-master\src</Filter>
		</ClInclude>
		<ClInclude Include="..\..\..\addons\ofxTimeMeasurements-master\src\ofxTimeMeasurementsScoped.h">
			<Filter>addons\ofxTimeMeasurements-master\src</Filter>
		</ClInclude>
	</ItemGroup>
	<ItemGroup>
		<ResourceCompile Include="icon.rc" />
	</ItemGroup>
</Project>
